<?xml version="1.0" encoding="utf-8"?>
<Project ToolsVersion="4.0" xmlns="http://schemas.microsoft.com/developer/msbuild/2003">
  <ItemGroup>
    <Filter Include="Source Files">
      <UniqueIdentifier>{4FC737F1-C7A5-4376-A066-2A32D752A2FF}</UniqueIdentifier>
      <Extensions>cpp;c;cc;cxx;def;odl;idl;hpj;bat;asm;asmx</Extensions>
    </Filter>
    <Filter Include="Header Files">
      <UniqueIdentifier>{93995380-89BD-4b04-88EB-625FBE52EBFB}</UniqueIdentifier>
      <Extensions>h;hh;hpp;hxx;hm;inl;inc;ipp;xsd</Extensions>
    </Filter>
    <Filter Include="Resource Files">
      <UniqueIdentifier>{67DA6AB6-F800-4c08-8B7A-83BB121AAD01}</UniqueIdentifier>
      <Extensions>rc;ico;cur;bmp;dlg;rc2;rct;bin;rgs;gif;jpg;jpeg;jpe;resx;tiff;tif;png;wav;mfcribbon-ms</Extensions>
    </Filter>
    <Filter Include="Source Files\ADD">
      <UniqueIdentifier>{ca0ec2a1-fb36-4bc3-be7d-936cb7f26b4e}</UniqueIdentifier>
    </Filter>
    <Filter Include="Source Files\Wasion">
      <UniqueIdentifier>{50760e78-1575-4816-a18a-f3ada298610f}</UniqueIdentifier>
    </Filter>
  </ItemGroup>
  <ItemGroup>
    <ClCompile Include="main.cpp">
      <Filter>Source Files</Filter>
    </ClCompile>
    <ClCompile Include="gsoap\new\add\soapC.cpp">
      <Filter>Source Files\ADD</Filter>
    </ClCompile>
    <ClCompile Include="gsoap\new\add\soapClient.cpp">
      <Filter>Source Files\ADD</Filter>
    </ClCompile>
    <ClCompile Include="gsoap\new\stdsoap2.cpp">
      <Filter>Source Files</Filter>
    </ClCompile>
    <ClCompile Include="gsoap\new\wasion\soapC.cpp">
      <Filter>Source Files\Wasion</Filter>
    </ClCompile>
    <ClCompile Include="gsoap\new\wasion\soapClient.cpp">
      <Filter>Source Files\Wasion</Filter>
    </ClCompile>
  </ItemGroup>
  <ItemGroup>
    <None Include="gsoap\new\add\CustomBinding_USCOREResourceFactoryInterface.nsmap">
      <Filter>Source Files\ADD</Filter>
    </None>
    <None Include="gsoap\new\wasion\ResourceInterfaceBinding.nsmap">
      <Filter>Source Files\Wasion</Filter>
    </None>
  </ItemGroup>
  <ItemGroup>
    <ClInclude Include="gsoap\new\add\soapH.h">
      <Filter>Source Files\ADD</Filter>
    </ClInclude>
    <ClInclude Include="gsoap\new\add\soapStub.h">
      <Filter>Source Files\ADD</Filter>
    </ClInclude>
    <ClInclude Include="gsoap\new\stdsoap2.h">
      <Filter>Source Files</Filter>
    </ClInclude>
    <ClInclude Include="gsoap\new\wasion\soapH.h">
      <Filter>Source Files\Wasion</Filter>
    </ClInclude>
    <ClInclude Include="gsoap\new\wasion\soapStub.h">
      <Filter>Source Files\Wasion</Filter>
    </ClInclude>
  </ItemGroup>
</Project>